Microsoft Visual Studio Solution File, Format Version 11.00
# Visual Studio 2008

Project("{DEA5DB85-74B8-880B-A1A3-32AC8C1C9BCE}") = "PuzPlat Greybox", "Assembly-CSharp.csproj", "{C563A05D-F619-DF18-56AA-6E835D66D0F0}"
EndProject
Global
	GlobalSection(SolutionConfigurationPlatforms) = preSolution
		Debug|Any CPU = Debug|Any CPU
		Release|Any CPU = Release|Any CPU
	EndGlobalSection
	GlobalSection(ProjectConfigurationPlatforms) = postSolution
		{C563A05D-F619-DF18-56AA-6E835D66D0F0}.Debug|Any CPU.ActiveCfg = Debug|Any CPU
		{C563A05D-F619-DF18-56AA-6E835D66D0F0}.Debug|Any CPU.Build.0 = Debug|Any CPU
		{C563A05D-F619-DF18-56AA-6E835D66D0F0}.Release|Any CPU.ActiveCfg = Release|Any CPU
		{C563A05D-F619-DF18-56AA-6E835D66D0F0}.Release|Any CPU.Build.0 = Release|Any CPU
	EndGlobalSection
	GlobalSection(SolutionProperties) = preSolution
		HideSolutionNode = FALSE
	EndGlobalSection
	GlobalSection(MonoDevelopProperties) = preSolution
		StartupItem = Assembly-CSharp.csproj
	EndGlobalSection
EndGlobal
